
Microsoft Visual Studio Solution File, Format Version 12.00
# Visual Studio Version 17
VisualStudioVersion = 17.9.34723.18
MinimumVisualStudioVersion = 10.0.40219.1
Project("{9A19103F-16F7-4668-BE54-9A1E7A4F7556}") = "ExcelFileUpload.API", "ExcelFileUpload.API\ExcelFileUpload.API.csproj", "{76C1E44D-F929-45E3-8A5C-EB9697544E9F}"
EndProject
Project("{FAE04EC0-301F-11D3-BF4B-00C04F79EFBC}") = "ExcelFileUpload.FE", "ExcelFileUpload.FE\ExcelFileUpload.FE.csproj", "{4B9D3A1D-9B93-48C3-8AD8-13A4982E462C}"
EndProject
Project("{FAE04EC0-301F-11D3-BF4B-00C04F79EFBC}") = "ExcelFileUpload.Models", "ExcelFileUpload.Models\ExcelFileUpload.Models.csproj", "{5E76F1AE-5A34-4C59-B068-53D858D5CE9D}"
EndProject
Global
	GlobalSection(SolutionConfigurationPlatforms) = preSolution
		Debug|Any CPU = Debug|Any CPU
		Release|Any CPU = Release|Any CPU
	EndGlobalSection
	GlobalSection(ProjectConfigurationPlatforms) = postSolution
		{76C1E44D-F929-45E3-8A5C-EB9697544E9F}.Debug|Any CPU.ActiveCfg = Debug|Any CPU
		{76C1E44D-F929-45E3-8A5C-EB9697544E9F}.Debug|Any CPU.Build.0 = Debug|Any CPU
		{76C1E44D-F929-45E3-8A5C-EB9697544E9F}.Release|Any CPU.ActiveCfg = Release|Any CPU
		{76C1E44D-F929-45E3-8A5C-EB9697544E9F}.Release|Any CPU.Build.0 = Release|Any CPU
		{4B9D3A1D-9B93-48C3-8AD8-13A4982E462C}.Debug|Any CPU.ActiveCfg = Debug|Any CPU
		{4B9D3A1D-9B93-48C3-8AD8-13A4982E462C}.Debug|Any CPU.Build.0 = Debug|Any CPU
		{4B9D3A1D-9B93-48C3-8AD8-13A4982E462C}.Release|Any CPU.ActiveCfg = Release|Any CPU
		{4B9D3A1D-9B93-48C3-8AD8-13A4982E462C}.Release|Any CPU.Build.0 = Release|Any CPU
		{5E76F1AE-5A34-4C59-B068-53D858D5CE9D}.Debug|Any CPU.ActiveCfg = Debug|Any CPU
		{5E76F1AE-5A34-4C59-B068-53D858D5CE9D}.Debug|Any CPU.Build.0 = Debug|Any CPU
		{5E76F1AE-5A34-4C59-B068-53D858D5CE9D}.Release|Any CPU.ActiveCfg = Release|Any CPU
		{5E76F1AE-5A34-4C59-B068-53D858D5CE9D}.Release|Any CPU.Build.0 = Release|Any CPU
	EndGlobalSection
	GlobalSection(SolutionProperties) = preSolution
		HideSolutionNode = FALSE
	EndGlobalSection
	GlobalSection(ExtensibilityGlobals) = postSolution
		SolutionGuid = {50E0AD64-9E85-4305-8955-80D074330DFB}
	EndGlobalSection
EndGlobal
